
Microsoft Visual Studio Solution File, Format Version 12.00
# Visual Studio Version 17
VisualStudioVersion = 17.0.31903.59
MinimumVisualStudioVersion = 10.0.40219.1
Project("{FAE04EC0-301F-11D3-BF4B-00C04F79EFBC}") = "DataLayer", "DataLayer\DataLayer.csproj", "{37AE341E-5825-4796-87BF-FCF847AD3684}"
EndProject
Global
	GlobalSection(SolutionConfigurationPlatforms) = preSolution
		Debug|Any CPU = Debug|Any CPU
		Release|Any CPU = Release|Any CPU
	EndGlobalSection
	GlobalSection(SolutionProperties) = preSolution
		HideSolutionNode = FALSE
	EndGlobalSection
	GlobalSection(ProjectConfigurationPlatforms) = postSolution
		{37AE341E-5825-4796-87BF-FCF847AD3684}.Debug|Any CPU.ActiveCfg = Debug|Any CPU
		{37AE341E-5825-4796-87BF-FCF847AD3684}.Debug|Any CPU.Build.0 = Debug|Any CPU
		{37AE341E-5825-4796-87BF-FCF847AD3684}.Release|Any CPU.ActiveCfg = Release|Any CPU
		{37AE341E-5825-4796-87BF-FCF847AD3684}.Release|Any CPU.Build.0 = Release|Any CPU
	EndGlobalSection
EndGlobal
